
Microsoft Visual Studio Solution File, Format Version 12.00
# Visual Studio 15
VisualStudioVersion = 15.0.27703.2026
MinimumVisualStudioVersion = 10.0.40219.1
Project("{FAE04EC0-301F-11D3-BF4B-00C04F79EFBC}") = "DartballApp.Android", "DartballApp\DartballApp.Android\DartballApp.Android.csproj", "{A3B43F82-7A5E-46C6-80A2-8C9794641A07}"
EndProject
Project("{FAE04EC0-301F-11D3-BF4B-00C04F79EFBC}") = "DartballApp.iOS", "DartballApp\DartballApp.iOS\DartballApp.iOS.csproj", "{390091E3-86A7-44FE-A7EC-F91707B3EB33}"
EndProject
Project("{FAE04EC0-301F-11D3-BF4B-00C04F79EFBC}") = "DartballApp", "DartballApp\DartballApp\DartballApp.csproj", "{7286B60F-E4DF-4EBB-8D43-6F5B1B41B051}"
EndProject
Project("{FAE04EC0-301F-11D3-BF4B-00C04F79EFBC}") = "Dartball.Domain", "..\..\Components\Dartball.Domain\Dartball.Domain\Dartball.Domain.csproj", "{18BAA5E9-B6AF-4B12-AD9C-C6001AC72038}"
EndProject
Project("{FAE04EC0-301F-11D3-BF4B-00C04F79EFBC}") = "Dartball.Data", "..\..\Components\Dartball.Data\Dartball.Data\Dartball.Data.csproj", "{26CF40BA-B064-4DF2-AF57-AA7677E6241F}"
EndProject
Project("{FAE04EC0-301F-11D3-BF4B-00C04F79EFBC}") = "DartballBL", "..\..\Components\DartballBL\DartballBL\DartballBL.csproj", "{CBE1E17E-361F-4666-BEFD-5E231368027D}"
EndProject
Global
	GlobalSection(SolutionConfigurationPlatforms) = preSolution
		Ad-Hoc|Any CPU = Ad-Hoc|Any CPU
		Ad-Hoc|iPhone = Ad-Hoc|iPhone
		Ad-Hoc|iPhoneSimulator = Ad-Hoc|iPhoneSimulator
		AppStore|Any CPU = AppStore|Any CPU
		AppStore|iPhone = AppStore|iPhone
		AppStore|iPhoneSimulator = AppStore|iPhoneSimulator
		Debug|Any CPU = Debug|Any CPU
		Debug|iPhone = Debug|iPhone
		Debug|iPhoneSimulator = Debug|iPhoneSimulator
		Release|Any CPU = Release|Any CPU
		Release|iPhone = Release|iPhone
		Release|iPhoneSimulator = Release|iPhoneSimulator
	EndGlobalSection
	GlobalSection(ProjectConfigurationPlatforms) = postSolution
		{A3B43F82-7A5E-46C6-80A2-8C9794641A07}.Ad-Hoc|Any CPU.ActiveCfg = Release|Any CPU
		{A3B43F82-7A5E-46C6-80A2-8C9794641A07}.Ad-Hoc|Any CPU.Build.0 = Release|Any CPU
		{A3B43F82-7A5E-46C6-80A2-8C9794641A07}.Ad-Hoc|Any CPU.Deploy.0 = Release|Any CPU
		{A3B43F82-7A5E-46C6-80A2-8C9794641A07}.Ad-Hoc|iPhone.ActiveCfg = Release|Any CPU
		{A3B43F82-7A5E-46C6-80A2-8C9794641A07}.Ad-Hoc|iPhone.Build.0 = Release|Any CPU
		{A3B43F82-7A5E-46C6-80A2-8C9794641A07}.Ad-Hoc|iPhone.Deploy.0 = Release|Any CPU
		{A3B43F82-7A5E-46C6-80A2-8C9794641A07}.Ad-Hoc|iPhoneSimulator.ActiveCfg = Release|Any CPU
		{A3B43F82-7A5E-46C6-80A2-8C9794641A07}.Ad-Hoc|iPhoneSimulator.Build.0 = Release|Any CPU
		{A3B43F82-7A5E-46C6-80A2-8C9794641A07}.Ad-Hoc|iPhoneSimulator.Deploy.0 = Release|Any CPU
		{A3B43F82-7A5E-46C6-80A2-8C9794641A07}.AppStore|Any CPU.ActiveCfg = Release|Any CPU
		{A3B43F82-7A5E-46C6-80A2-8C9794641A07}.AppStore|Any CPU.Build.0 = Release|Any CPU
		{A3B43F82-7A5E-46C6-80A2-8C9794641A07}.AppStore|Any CPU.Deploy.0 = Release|Any CPU
		{A3B43F82-7A5E-46C6-80A2-8C9794641A07}.AppStore|iPhone.ActiveCfg = Release|Any CPU
		{A3B43F82-7A5E-46C6-80A2-8C9794641A07}.AppStore|iPhone.Build.0 = Release|Any CPU
		{A3B43F82-7A5E-46C6-80A2-8C9794641A07}.AppStore|iPhone.Deploy.0 = Release|Any CPU
		{A3B43F82-7A5E-46C6-80A2-8C9794641A07}.AppStore|iPhoneSimulator.ActiveCfg = Release|Any CPU
		{A3B43F82-7A5E-46C6-80A2-8C9794641A07}.AppStore|iPhoneSimulator.Build.0 = Release|Any CPU
		{A3B43F82-7A5E-46C6-80A2-8C9794641A07}.AppStore|iPhoneSimulator.Deploy.0 = Release|Any CPU
		{A3B43F82-7A5E-46C6-80A2-8C9794641A07}.Debug|Any CPU.ActiveCfg = Debug|Any CPU
		{A3B43F82-7A5E-46C6-80A2-8C9794641A07}.Debug|Any CPU.Build.0 = Debug|Any CPU
		{A3B43F82-7A5E-46C6-80A2-8C9794641A07}.Debug|Any CPU.Deploy.0 = Debug|Any CPU
		{A3B43F82-7A5E-46C6-80A2-8C9794641A07}.Debug|iPhone.ActiveCfg = Debug|Any CPU
		{A3B43F82-7A5E-46C6-80A2-8C9794641A07}.Debug|iPhone.Build.0 = Debug|Any CPU
		{A3B43F82-7A5E-46C6-80A2-8C9794641A07}.Debug|iPhone.Deploy.0 = Debug|Any CPU
		{A3B43F82-7A5E-46C6-80A2-8C9794641A07}.Debug|iPhoneSimulator.ActiveCfg = Debug|Any CPU
		{A3B43F82-7A5E-46C6-80A2-8C9794641A07}.Debug|iPhoneSimulator.Build.0 = Debug|Any CPU
		{A3B43F82-7A5E-46C6-80A2-8C9794641A07}.Debug|iPhoneSimulator.Deploy.0 = Debug|Any CPU
		{A3B43F82-7A5E-46C6-80A2-8C9794641A07}.Release|Any CPU.ActiveCfg = Release|Any CPU
		{A3B43F82-7A5E-46C6-80A2-8C9794641A07}.Release|Any CPU.Build.0 = Release|Any CPU
		{A3B43F82-7A5E-46C6-80A2-8C9794641A07}.Release|Any CPU.Deploy.0 = Release|Any CPU
		{A3B43F82-7A5E-46C6-80A2-8C9794641A07}.Release|iPhone.ActiveCfg = Release|Any CPU
		{A3B43F82-7A5E-46C6-80A2-8C9794641A07}.Release|iPhone.Build.0 = Release|Any CPU
		{A3B43F82-7A5E-46C6-80A2-8C9794641A07}.Release|iPhone.Deploy.0 = Release|Any CPU
		{A3B43F82-7A5E-46C6-80A2-8C9794641A07}.Release|iPhoneSimulator.ActiveCfg = Release|Any CPU
		{A3B43F82-7A5E-46C6-80A2-8C9794641A07}.Release|iPhoneSimulator.Build.0 = Release|Any CPU
		{A3B43F82-7A5E-46C6-80A2-8C9794641A07}.Release|iPhoneSimulator.Deploy.0 = Release|Any CPU
		{390091E3-86A7-44FE-A7EC-F91707B3EB33}.Ad-Hoc|Any CPU.ActiveCfg = Ad-Hoc|iPhone
		{390091E3-86A7-44FE-A7EC-F91707B3EB33}.Ad-Hoc|Any CPU.Build.0 = Ad-Hoc|iPhone
		{390091E3-86A7-44FE-A7EC-F91707B3EB33}.Ad-Hoc|Any CPU.Deploy.0 = Ad-Hoc|iPhone
		{390091E3-86A7-44FE-A7EC-F91707B3EB33}.Ad-Hoc|iPhone.ActiveCfg = Ad-Hoc|iPhone
		{390091E3-86A7-44FE-A7EC-F91707B3EB33}.Ad-Hoc|iPhone.Build.0 = Ad-Hoc|iPhone
		{390091E3-86A7-44FE-A7EC-F91707B3EB33}.Ad-Hoc|iPhone.Deploy.0 = Ad-Hoc|iPhone
		{390091E3-86A7-44FE-A7EC-F91707B3EB33}.Ad-Hoc|iPhoneSimulator.ActiveCfg = Ad-Hoc|iPhoneSimulator
		{390091E3-86A7-44FE-A7EC-F91707B3EB33}.Ad-Hoc|iPhoneSimulator.Build.0 = Ad-Hoc|iPhoneSimulator
		{390091E3-86A7-44FE-A7EC-F91707B3EB33}.Ad-Hoc|iPhoneSimulator.Deploy.0 = Ad-Hoc|iPhoneSimulator
		{390091E3-86A7-44FE-A7EC-F91707B3EB33}.AppStore|Any CPU.ActiveCfg = AppStore|iPhone
		{390091E3-86A7-44FE-A7EC-F91707B3EB33}.AppStore|Any CPU.Build.0 = AppStore|iPhone
		{390091E3-86A7-44FE-A7EC-F91707B3EB33}.AppStore|Any CPU.Deploy.0 = AppStore|iPhone
		{390091E3-86A7-44FE-A7EC-F91707B3EB33}.AppStore|iPhone.ActiveCfg = AppStore|iPhone
		{390091E3-86A7-44FE-A7EC-F91707B3EB33}.AppStore|iPhone.Build.0 = AppStore|iPhone
		{390091E3-86A7-44FE-A7EC-F91707B3EB33}.AppStore|iPhone.Deploy.0 = AppStore|iPhone
		{390091E3-86A7-44FE-A7EC-F91707B3EB33}.AppStore|iPhoneSimulator.ActiveCfg = AppStore|iPhoneSimulator
		{390091E3-86A7-44FE-A7EC-F91707B3EB33}.AppStore|iPhoneSimulator.Build.0 = AppStore|iPhoneSimulator
		{390091E3-86A7-44FE-A7EC-F91707B3EB33}.AppStore|iPhoneSimulator.Deploy.0 = AppStore|iPhoneSimulator
		{390091E3-86A7-44FE-A7EC-F91707B3EB33}.Debug|Any CPU.ActiveCfg = Debug|iPhoneSimulator
		{390091E3-86A7-44FE-A7EC-F91707B3EB33}.Debug|Any CPU.Build.0 = Debug|iPhoneSimulator
		{390091E3-86A7-44FE-A7EC-F91707B3EB33}.Debug|Any CPU.Deploy.0 = Debug|iPhoneSimulator
		{390091E3-86A7-44FE-A7EC-F91707B3EB33}.Debug|iPhone.ActiveCfg = Debug|iPhone
		{390091E3-86A7-44FE-A7EC-F91707B3EB33}.Debug|iPhone.Build.0 = Debug|iPhone
		{390091E3-86A7-44FE-A7EC-F91707B3EB33}.Debug|iPhone.Deploy.0 = Debug|iPhone
		{390091E3-86A7-44FE-A7EC-F91707B3EB33}.Debug|iPhoneSimulator.ActiveCfg = Debug|iPhoneSimulator
		{390091E3-86A7-44FE-A7EC-F91707B3EB33}.Debug|iPhoneSimulator.Build.0 = Debug|iPhoneSimulator
		{390091E3-86A7-44FE-A7EC-F91707B3EB33}.Debug|iPhoneSimulator.Deploy.0 = Debug|iPhoneSimulator
		{390091E3-86A7-44FE-A7EC-F91707B3EB33}.Release|Any CPU.ActiveCfg = Release|iPhone
		{390091E3-86A7-44FE-A7EC-F91707B3EB33}.Release|Any CPU.Build.0 = Release|iPhone
		{390091E3-86A7-44FE-A7EC-F91707B3EB33}.Release|Any CPU.Deploy.0 = Release|iPhone
		{390091E3-86A7-44FE-A7EC-F91707B3EB33}.Release|iPhone.ActiveCfg = Release|iPhone
		{390091E3-86A7-44FE-A7EC-F91707B3EB33}.Release|iPhone.Build.0 = Release|iPhone
		{390091E3-86A7-44FE-A7EC-F91707B3EB33}.Release|iPhone.Deploy.0 = Release|iPhone
		{390091E3-86A7-44FE-A7EC-F91707B3EB33}.Release|iPhoneSimulator.ActiveCfg = Release|iPhoneSimulator
		{390091E3-86A7-44FE-A7EC-F91707B3EB33}.Release|iPhoneSimulator.Build.0 = Release|iPhoneSimulator
		{390091E3-86A7-44FE-A7EC-F91707B3EB33}.Release|iPhoneSimulator.Deploy.0 = Release|iPhoneSimulator
		{7286B60F-E4DF-4EBB-8D43-6F5B1B41B051}.Ad-Hoc|Any CPU.ActiveCfg = Debug|Any CPU
		{7286B60F-E4DF-4EBB-8D43-6F5B1B41B051}.Ad-Hoc|Any CPU.Build.0 = Debug|Any CPU
		{7286B60F-E4DF-4EBB-8D43-6F5B1B41B051}.Ad-Hoc|Any CPU.Deploy.0 = Debug|Any CPU
		{7286B60F-E4DF-4EBB-8D43-6F5B1B41B051}.Ad-Hoc|iPhone.ActiveCfg = Debug|Any CPU
		{7286B60F-E4DF-4EBB-8D43-6F5B1B41B051}.Ad-Hoc|iPhone.Build.0 = Debug|Any CPU
		{7286B60F-E4DF-4EBB-8D43-6F5B1B41B051}.Ad-Hoc|iPhone.Deploy.0 = Debug|Any CPU
		{7286B60F-E4DF-4EBB-8D43-6F5B1B41B051}.Ad-Hoc|iPhoneSimulator.ActiveCfg = Debug|Any CPU
		{7286B60F-E4DF-4EBB-8D43-6F5B1B41B051}.Ad-Hoc|iPhoneSimulator.Build.0 = Debug|Any CPU
		{7286B60F-E4DF-4EBB-8D43-6F5B1B41B051}.Ad-Hoc|iPhoneSimulator.Deploy.0 = Debug|Any CPU
		{7286B60F-E4DF-4EBB-8D43-6F5B1B41B051}.AppStore|Any CPU.ActiveCfg = Debug|Any CPU
		{7286B60F-E4DF-4EBB-8D43-6F5B1B41B051}.AppStore|Any CPU.Build.0 = Debug|Any CPU
		{7286B60F-E4DF-4EBB-8D43-6F5B1B41B051}.AppStore|Any CPU.Deploy.0 = Debug|Any CPU
		{7286B60F-E4DF-4EBB-8D43-6F5B1B41B051}.AppStore|iPhone.ActiveCfg = Debug|Any CPU
		{7286B60F-E4DF-4EBB-8D43-6F5B1B41B051}.AppStore|iPhone.Build.0 = Debug|Any CPU
		{7286B60F-E4DF-4EBB-8D43-6F5B1B41B051}.AppStore|iPhone.Deploy.0 = Debug|Any CPU
		{7286B60F-E4DF-4EBB-8D43-6F5B1B41B051}.AppStore|iPhoneSimulator.ActiveCfg = Debug|Any CPU
		{7286B60F-E4DF-4EBB-8D43-6F5B1B41B051}.AppStore|iPhoneSimulator.Build.0 = Debug|Any CPU
		{7286B60F-E4DF-4EBB-8D43-6F5B1B41B051}.AppStore|iPhoneSimulator.Deploy.0 = Debug|Any CPU
		{7286B60F-E4DF-4EBB-8D43-6F5B1B41B051}.Debug|Any CPU.ActiveCfg = Debug|Any CPU
		{7286B60F-E4DF-4EBB-8D43-6F5B1B41B051}.Debug|Any CPU.Build.0 = Debug|Any CPU
		{7286B60F-E4DF-4EBB-8D43-6F5B1B41B051}.Debug|Any CPU.Deploy.0 = Debug|Any CPU
		{7286B60F-E4DF-4EBB-8D43-6F5B1B41B051}.Debug|iPhone.ActiveCfg = Debug|Any CPU
		{7286B60F-E4DF-4EBB-8D43-6F5B1B41B051}.Debug|iPhone.Build.0 = Debug|Any CPU
		{7286B60F-E4DF-4EBB-8D43-6F5B1B41B051}.Debug|iPhone.Deploy.0 = Debug|Any CPU
		{7286B60F-E4DF-4EBB-8D43-6F5B1B41B051}.Debug|iPhoneSimulator.ActiveCfg = Debug|Any CPU
		{7286B60F-E4DF-4EBB-8D43-6F5B1B41B051}.Debug|iPhoneSimulator.Build.0 = Debug|Any CPU
		{7286B60F-E4DF-4EBB-8D43-6F5B1B41B051}.Debug|iPhoneSimulator.Deploy.0 = Debug|Any CPU
		{7286B60F-E4DF-4EBB-8D43-6F5B1B41B051}.Release|Any CPU.ActiveCfg = Release|Any CPU
		{7286B60F-E4DF-4EBB-8D43-6F5B1B41B051}.Release|Any CPU.Build.0 = Release|Any CPU
		{7286B60F-E4DF-4EBB-8D43-6F5B1B41B051}.Release|Any CPU.Deploy.0 = Release|Any CPU
		{7286B60F-E4DF-4EBB-8D43-6F5B1B41B051}.Release|iPhone.ActiveCfg = Release|Any CPU
		{7286B60F-E4DF-4EBB-8D43-6F5B1B41B051}.Release|iPhone.Build.0 = Release|Any CPU
		{7286B60F-E4DF-4EBB-8D43-6F5B1B41B051}.Release|iPhone.Deploy.0 = Release|Any CPU
		{7286B60F-E4DF-4EBB-8D43-6F5B1B41B051}.Release|iPhoneSimulator.ActiveCfg = Release|Any CPU
		{7286B60F-E4DF-4EBB-8D43-6F5B1B41B051}.Release|iPhoneSimulator.Build.0 = Release|Any CPU
		{7286B60F-E4DF-4EBB-8D43-6F5B1B41B051}.Release|iPhoneSimulator.Deploy.0 = Release|Any CPU
		{18BAA5E9-B6AF-4B12-AD9C-C6001AC72038}.Ad-Hoc|Any CPU.ActiveCfg = Debug|Any CPU
		{18BAA5E9-B6AF-4B12-AD9C-C6001AC72038}.Ad-Hoc|Any CPU.Build.0 = Debug|Any CPU
		{18BAA5E9-B6AF-4B12-AD9C-C6001AC72038}.Ad-Hoc|iPhone.ActiveCfg = Debug|Any CPU
		{18BAA5E9-B6AF-4B12-AD9C-C6001AC72038}.Ad-Hoc|iPhone.Build.0 = Debug|Any CPU
		{18BAA5E9-B6AF-4B12-AD9C-C6001AC72038}.Ad-Hoc|iPhoneSimulator.ActiveCfg = Debug|Any CPU
		{18BAA5E9-B6AF-4B12-AD9C-C6001AC72038}.Ad-Hoc|iPhoneSimulator.Build.0 = Debug|Any CPU
		{18BAA5E9-B6AF-4B12-AD9C-C6001AC72038}.AppStore|Any CPU.ActiveCfg = Debug|Any CPU
		{18BAA5E9-B6AF-4B12-AD9C-C6001AC72038}.AppStore|Any CPU.Build.0 = Debug|Any CPU
		{18BAA5E9-B6AF-4B12-AD9C-C6001AC72038}.AppStore|iPhone.ActiveCfg = Debug|Any CPU
		{18BAA5E9-B6AF-4B12-AD9C-C6001AC72038}.AppStore|iPhone.Build.0 = Debug|Any CPU
		{18BAA5E9-B6AF-4B12-AD9C-C6001AC72038}.AppStore|iPhoneSimulator.ActiveCfg = Debug|Any CPU
		{18BAA5E9-B6AF-4B12-AD9C-C6001AC72038}.AppStore|iPhoneSimulator.Build.0 = Debug|Any CPU
		{18BAA5E9-B6AF-4B12-AD9C-C6001AC72038}.Debug|Any CPU.ActiveCfg = Debug|Any CPU
		{18BAA5E9-B6AF-4B12-AD9C-C6001AC72038}.Debug|Any CPU.Build.0 = Debug|Any CPU
		{18BAA5E9-B6AF-4B12-AD9C-C6001AC72038}.Debug|iPhone.ActiveCfg = Debug|Any CPU
		{18BAA5E9-B6AF-4B12-AD9C-C6001AC72038}.Debug|iPhone.Build.0 = Debug|Any CPU
		{18BAA5E9-B6AF-4B12-AD9C-C6001AC72038}.Debug|iPhoneSimulator.ActiveCfg = Debug|Any CPU
		{18BAA5E9-B6AF-4B12-AD9C-C6001AC72038}.Debug|iPhoneSimulator.Build.0 = Debug|Any CPU
		{18BAA5E9-B6AF-4B12-AD9C-C6001AC72038}.Release|Any CPU.ActiveCfg = Release|Any CPU
		{18BAA5E9-B6AF-4B12-AD9C-C6001AC72038}.Release|Any CPU.Build.0 = Release|Any CPU
		{18BAA5E9-B6AF-4B12-AD9C-C6001AC72038}.Release|iPhone.ActiveCfg = Release|Any CPU
		{18BAA5E9-B6AF-4B12-AD9C-C6001AC72038}.Release|iPhone.Build.0 = Release|Any CPU
		{18BAA5E9-B6AF-4B12-AD9C-C6001AC72038}.Release|iPhoneSimulator.ActiveCfg = Release|Any CPU
		{18BAA5E9-B6AF-4B12-AD9C-C6001AC72038}.Release|iPhoneSimulator.Build.0 = Release|Any CPU
		{26CF40BA-B064-4DF2-AF57-AA7677E6241F}.Ad-Hoc|Any CPU.ActiveCfg = Debug|Any CPU
		{26CF40BA-B064-4DF2-AF57-AA7677E6241F}.Ad-Hoc|Any CPU.Build.0 = Debug|Any CPU
		{26CF40BA-B064-4DF2-AF57-AA7677E6241F}.Ad-Hoc|iPhone.ActiveCfg = Debug|Any CPU
		{26CF40BA-B064-4DF2-AF57-AA7677E6241F}.Ad-Hoc|iPhone.Build.0 = Debug|Any CPU
		{26CF40BA-B064-4DF2-AF57-AA7677E6241F}.Ad-Hoc|iPhoneSimulator.ActiveCfg = Debug|Any CPU
		{26CF40BA-B064-4DF2-AF57-AA7677E6241F}.Ad-Hoc|iPhoneSimulator.Build.0 = Debug|Any CPU
		{26CF40BA-B064-4DF2-AF57-AA7677E6241F}.AppStore|Any CPU.ActiveCfg = Debug|Any CPU
		{26CF40BA-B064-4DF2-AF57-AA7677E6241F}.AppStore|Any CPU.Build.0 = Debug|Any CPU
		{26CF40BA-B064-4DF2-AF57-AA7677E6241F}.AppStore|iPhone.ActiveCfg = Debug|Any CPU
		{26CF40BA-B064-4DF2-AF57-AA7677E6241F}.AppStore|iPhone.Build.0 = Debug|Any CPU
		{26CF40BA-B064-4DF2-AF57-AA7677E6241F}.AppStore|iPhoneSimulator.ActiveCfg = Debug|Any CPU
		{26CF40BA-B064-4DF2-AF57-AA7677E6241F}.AppStore|iPhoneSimulator.Build.0 = Debug|Any CPU
		{26CF40BA-B064-4DF2-AF57-AA7677E6241F}.Debug|Any CPU.ActiveCfg = Debug|Any CPU
		{26CF40BA-B064-4DF2-AF57-AA7677E6241F}.Debug|Any CPU.Build.0 = Debug|Any CPU
		{26CF40BA-B064-4DF2-AF57-AA7677E6241F}.Debug|iPhone.ActiveCfg = Debug|Any CPU
		{26CF40BA-B064-4DF2-AF57-AA7677E6241F}.Debug|iPhone.Build.0 = Debug|Any CPU
		{26CF40BA-B064-4DF2-AF57-AA7677E6241F}.Debug|iPhoneSimulator.ActiveCfg = Debug|Any CPU
		{26CF40BA-B064-4DF2-AF57-AA7677E6241F}.Debug|iPhoneSimulator.Build.0 = Debug|Any CPU
		{26CF40BA-B064-4DF2-AF57-AA7677E6241F}.Release|Any CPU.ActiveCfg = Release|Any CPU
		{26CF40BA-B064-4DF2-AF57-AA7677E6241F}.Release|Any CPU.Build.0 = Release|Any CPU
		{26CF40BA-B064-4DF2-AF57-AA7677E6241F}.Release|iPhone.ActiveCfg = Release|Any CPU
		{26CF40BA-B064-4DF2-AF57-AA7677E6241F}.Release|iPhone.Build.0 = Release|Any CPU
		{26CF40BA-B064-4DF2-AF57-AA7677E6241F}.Release|iPhoneSimulator.ActiveCfg = Release|Any CPU
		{26CF40BA-B064-4DF2-AF57-AA7677E6241F}.Release|iPhoneSimulator.Build.0 = Release|Any CPU
		{CBE1E17E-361F-4666-BEFD-5E231368027D}.Ad-Hoc|Any CPU.ActiveCfg = Debug|Any CPU
		{CBE1E17E-361F-4666-BEFD-5E231368027D}.Ad-Hoc|Any CPU.Build.0 = Debug|Any CPU
		{CBE1E17E-361F-4666-BEFD-5E231368027D}.Ad-Hoc|iPhone.ActiveCfg = Debug|Any CPU
		{CBE1E17E-361F-4666-BEFD-5E231368027D}.Ad-Hoc|iPhone.Build.0 = Debug|Any CPU
		{CBE1E17E-361F-4666-BEFD-5E231368027D}.Ad-Hoc|iPhoneSimulator.ActiveCfg = Debug|Any CPU
		{CBE1E17E-361F-4666-BEFD-5E231368027D}.Ad-Hoc|iPhoneSimulator.Build.0 = Debug|Any CPU
		{CBE1E17E-361F-4666-BEFD-5E231368027D}.AppStore|Any CPU.ActiveCfg = Debug|Any CPU
		{CBE1E17E-361F-4666-BEFD-5E231368027D}.AppStore|Any CPU.Build.0 = Debug|Any CPU
		{CBE1E17E-361F-4666-BEFD-5E231368027D}.AppStore|iPhone.ActiveCfg = Debug|Any CPU
		{CBE1E17E-361F-4666-BEFD-5E231368027D}.AppStore|iPhone.Build.0 = Debug|Any CPU
		{CBE1E17E-361F-4666-BEFD-5E231368027D}.AppStore|iPhoneSimulator.ActiveCfg = Debug|Any CPU
		{CBE1E17E-361F-4666-BEFD-5E231368027D}.AppStore|iPhoneSimulator.Build.0 = Debug|Any CPU
		{CBE1E17E-361F-4666-BEFD-5E231368027D}.Debug|Any CPU.ActiveCfg = Debug|Any CPU
		{CBE1E17E-361F-4666-BEFD-5E231368027D}.Debug|Any CPU.Build.0 = Debug|Any CPU
		{CBE1E17E-361F-4666-BEFD-5E231368027D}.Debug|iPhone.ActiveCfg = Debug|Any CPU
		{CBE1E17E-361F-4666-BEFD-5E231368027D}.Debug|iPhone.Build.0 = Debug|Any CPU
		{CBE1E17E-361F-4666-BEFD-5E231368027D}.Debug|iPhoneSimulator.ActiveCfg = Debug|Any CPU
		{CBE1E17E-361F-4666-BEFD-5E231368027D}.Debug|iPhoneSimulator.Build.0 = Debug|Any CPU
		{CBE1E17E-361F-4666-BEFD-5E231368027D}.Release|Any CPU.ActiveCfg = Release|Any CPU
		{CBE1E17E-361F-4666-BEFD-5E231368027D}.Release|Any CPU.Build.0 = Release|Any CPU
		{CBE1E17E-361F-4666-BEFD-5E231368027D}.Release|iPhone.ActiveCfg = Release|Any CPU
		{CBE1E17E-361F-4666-BEFD-5E231368027D}.Release|iPhone.Build.0 = Release|Any CPU
		{CBE1E17E-361F-4666-BEFD-5E231368027D}.Release|iPhoneSimulator.ActiveCfg = Release|Any CPU
		{CBE1E17E-361F-4666-BEFD-5E231368027D}.Release|iPhoneSimulator.Build.0 = Release|Any CPU
	EndGlobalSection
	GlobalSection(SolutionProperties) = preSolution
		HideSolutionNode = FALSE
	EndGlobalSection
	GlobalSection(ExtensibilityGlobals) = postSolution
		SolutionGuid = {E9ACF2E7-20FF-49C0-98FA-AEC4E4F667B3}
	EndGlobalSection
EndGlobal
