
Microsoft Visual Studio Solution File, Format Version 12.00
# Visual Studio 15
VisualStudioVersion = 15.0.27703.2035
MinimumVisualStudioVersion = 10.0.40219.1
Project("{FAE04EC0-301F-11D3-BF4B-00C04F79EFBC}") = "DartballApp.Android", "DartballApp\DartballApp.Android\DartballApp.Android.csproj", "{E40CB79F-61B9-4877-8DC8-7BF65CBDB64E}"
EndProject
Project("{FAE04EC0-301F-11D3-BF4B-00C04F79EFBC}") = "DartballApp.iOS", "DartballApp\DartballApp.iOS\DartballApp.iOS.csproj", "{80E8485B-6F22-4428-BCAF-0ABEDBAAF1DA}"
EndProject
Project("{FAE04EC0-301F-11D3-BF4B-00C04F79EFBC}") = "DartballApp.UWP", "DartballApp\DartballApp.UWP\DartballApp.UWP.csproj", "{AB7D99A9-4F52-4723-81EA-2319D706EF3E}"
EndProject
Project("{FAE04EC0-301F-11D3-BF4B-00C04F79EFBC}") = "DartballApp.MobileAppService", "DartballApp\DartballApp.MobileAppService\DartballApp.MobileAppService.csproj", "{9C1FBF20-E1F0-472B-9C84-4EF22B18EB18}"
EndProject
Project("{FAE04EC0-301F-11D3-BF4B-00C04F79EFBC}") = "DartballApp", "DartballApp\DartballApp\DartballApp.csproj", "{58CF19AB-D289-4A74-B1D4-1EEEDCD8AEEA}"
EndProject
Project("{9A19103F-16F7-4668-BE54-9A1E7A4F7556}") = "Dartball.Domain", "..\..\Components\Dartball.Domain\Dartball.Domain\Dartball.Domain.csproj", "{8D8195E8-8460-47D8-BE20-7AFFCBB7E905}"
EndProject
Project("{9A19103F-16F7-4668-BE54-9A1E7A4F7556}") = "Dartball.Data", "..\..\Components\Dartball.Data\Dartball.Data\Dartball.Data.csproj", "{BE18E671-04AA-49D2-AA10-BD310B95FBBC}"
EndProject
Project("{9A19103F-16F7-4668-BE54-9A1E7A4F7556}") = "DartballBL", "..\..\Components\DartballBL\DartballBL\DartballBL.csproj", "{BA08BCAF-7491-43AB-9568-99682F1E3991}"
EndProject
Global
	GlobalSection(SolutionConfigurationPlatforms) = preSolution
		Debug|Any CPU = Debug|Any CPU
		Debug|ARM = Debug|ARM
		Debug|iPhone = Debug|iPhone
		Debug|iPhoneSimulator = Debug|iPhoneSimulator
		Debug|x64 = Debug|x64
		Debug|x86 = Debug|x86
		Release|Any CPU = Release|Any CPU
		Release|ARM = Release|ARM
		Release|iPhone = Release|iPhone
		Release|iPhoneSimulator = Release|iPhoneSimulator
		Release|x64 = Release|x64
		Release|x86 = Release|x86
	EndGlobalSection
	GlobalSection(ProjectConfigurationPlatforms) = postSolution
		{E40CB79F-61B9-4877-8DC8-7BF65CBDB64E}.Debug|Any CPU.ActiveCfg = Debug|Any CPU
		{E40CB79F-61B9-4877-8DC8-7BF65CBDB64E}.Debug|Any CPU.Build.0 = Debug|Any CPU
		{E40CB79F-61B9-4877-8DC8-7BF65CBDB64E}.Debug|Any CPU.Deploy.0 = Debug|Any CPU
		{E40CB79F-61B9-4877-8DC8-7BF65CBDB64E}.Debug|ARM.ActiveCfg = Debug|Any CPU
		{E40CB79F-61B9-4877-8DC8-7BF65CBDB64E}.Debug|ARM.Build.0 = Debug|Any CPU
		{E40CB79F-61B9-4877-8DC8-7BF65CBDB64E}.Debug|ARM.Deploy.0 = Debug|Any CPU
		{E40CB79F-61B9-4877-8DC8-7BF65CBDB64E}.Debug|iPhone.ActiveCfg = Debug|Any CPU
		{E40CB79F-61B9-4877-8DC8-7BF65CBDB64E}.Debug|iPhone.Build.0 = Debug|Any CPU
		{E40CB79F-61B9-4877-8DC8-7BF65CBDB64E}.Debug|iPhone.Deploy.0 = Debug|Any CPU
		{E40CB79F-61B9-4877-8DC8-7BF65CBDB64E}.Debug|iPhoneSimulator.ActiveCfg = Debug|Any CPU
		{E40CB79F-61B9-4877-8DC8-7BF65CBDB64E}.Debug|iPhoneSimulator.Build.0 = Debug|Any CPU
		{E40CB79F-61B9-4877-8DC8-7BF65CBDB64E}.Debug|iPhoneSimulator.Deploy.0 = Debug|Any CPU
		{E40CB79F-61B9-4877-8DC8-7BF65CBDB64E}.Debug|x64.ActiveCfg = Debug|Any CPU
		{E40CB79F-61B9-4877-8DC8-7BF65CBDB64E}.Debug|x64.Build.0 = Debug|Any CPU
		{E40CB79F-61B9-4877-8DC8-7BF65CBDB64E}.Debug|x64.Deploy.0 = Debug|Any CPU
		{E40CB79F-61B9-4877-8DC8-7BF65CBDB64E}.Debug|x86.ActiveCfg = Debug|Any CPU
		{E40CB79F-61B9-4877-8DC8-7BF65CBDB64E}.Debug|x86.Build.0 = Debug|Any CPU
		{E40CB79F-61B9-4877-8DC8-7BF65CBDB64E}.Debug|x86.Deploy.0 = Debug|Any CPU
		{E40CB79F-61B9-4877-8DC8-7BF65CBDB64E}.Release|Any CPU.ActiveCfg = Release|Any CPU
		{E40CB79F-61B9-4877-8DC8-7BF65CBDB64E}.Release|Any CPU.Build.0 = Release|Any CPU
		{E40CB79F-61B9-4877-8DC8-7BF65CBDB64E}.Release|Any CPU.Deploy.0 = Release|Any CPU
		{E40CB79F-61B9-4877-8DC8-7BF65CBDB64E}.Release|ARM.ActiveCfg = Release|Any CPU
		{E40CB79F-61B9-4877-8DC8-7BF65CBDB64E}.Release|ARM.Build.0 = Release|Any CPU
		{E40CB79F-61B9-4877-8DC8-7BF65CBDB64E}.Release|ARM.Deploy.0 = Release|Any CPU
		{E40CB79F-61B9-4877-8DC8-7BF65CBDB64E}.Release|iPhone.ActiveCfg = Release|Any CPU
		{E40CB79F-61B9-4877-8DC8-7BF65CBDB64E}.Release|iPhone.Build.0 = Release|Any CPU
		{E40CB79F-61B9-4877-8DC8-7BF65CBDB64E}.Release|iPhone.Deploy.0 = Release|Any CPU
		{E40CB79F-61B9-4877-8DC8-7BF65CBDB64E}.Release|iPhoneSimulator.ActiveCfg = Release|Any CPU
		{E40CB79F-61B9-4877-8DC8-7BF65CBDB64E}.Release|iPhoneSimulator.Build.0 = Release|Any CPU
		{E40CB79F-61B9-4877-8DC8-7BF65CBDB64E}.Release|iPhoneSimulator.Deploy.0 = Release|Any CPU
		{E40CB79F-61B9-4877-8DC8-7BF65CBDB64E}.Release|x64.ActiveCfg = Release|Any CPU
		{E40CB79F-61B9-4877-8DC8-7BF65CBDB64E}.Release|x64.Build.0 = Release|Any CPU
		{E40CB79F-61B9-4877-8DC8-7BF65CBDB64E}.Release|x64.Deploy.0 = Release|Any CPU
		{E40CB79F-61B9-4877-8DC8-7BF65CBDB64E}.Release|x86.ActiveCfg = Release|Any CPU
		{E40CB79F-61B9-4877-8DC8-7BF65CBDB64E}.Release|x86.Build.0 = Release|Any CPU
		{E40CB79F-61B9-4877-8DC8-7BF65CBDB64E}.Release|x86.Deploy.0 = Release|Any CPU
		{80E8485B-6F22-4428-BCAF-0ABEDBAAF1DA}.Debug|Any CPU.ActiveCfg = Debug|iPhone
		{80E8485B-6F22-4428-BCAF-0ABEDBAAF1DA}.Debug|ARM.ActiveCfg = Debug|iPhone
		{80E8485B-6F22-4428-BCAF-0ABEDBAAF1DA}.Debug|iPhone.ActiveCfg = Debug|iPhone
		{80E8485B-6F22-4428-BCAF-0ABEDBAAF1DA}.Debug|iPhone.Build.0 = Debug|iPhone
		{80E8485B-6F22-4428-BCAF-0ABEDBAAF1DA}.Debug|iPhoneSimulator.ActiveCfg = Debug|iPhoneSimulator
		{80E8485B-6F22-4428-BCAF-0ABEDBAAF1DA}.Debug|iPhoneSimulator.Build.0 = Debug|iPhoneSimulator
		{80E8485B-6F22-4428-BCAF-0ABEDBAAF1DA}.Debug|x64.ActiveCfg = Debug|iPhone
		{80E8485B-6F22-4428-BCAF-0ABEDBAAF1DA}.Debug|x86.ActiveCfg = Debug|iPhone
		{80E8485B-6F22-4428-BCAF-0ABEDBAAF1DA}.Release|Any CPU.ActiveCfg = Release|iPhone
		{80E8485B-6F22-4428-BCAF-0ABEDBAAF1DA}.Release|ARM.ActiveCfg = Release|iPhone
		{80E8485B-6F22-4428-BCAF-0ABEDBAAF1DA}.Release|iPhone.ActiveCfg = Release|iPhone
		{80E8485B-6F22-4428-BCAF-0ABEDBAAF1DA}.Release|iPhone.Build.0 = Release|iPhone
		{80E8485B-6F22-4428-BCAF-0ABEDBAAF1DA}.Release|iPhoneSimulator.ActiveCfg = Release|iPhoneSimulator
		{80E8485B-6F22-4428-BCAF-0ABEDBAAF1DA}.Release|iPhoneSimulator.Build.0 = Release|iPhoneSimulator
		{80E8485B-6F22-4428-BCAF-0ABEDBAAF1DA}.Release|x64.ActiveCfg = Release|iPhone
		{80E8485B-6F22-4428-BCAF-0ABEDBAAF1DA}.Release|x86.ActiveCfg = Release|iPhone
		{AB7D99A9-4F52-4723-81EA-2319D706EF3E}.Debug|Any CPU.ActiveCfg = Debug|x86
		{AB7D99A9-4F52-4723-81EA-2319D706EF3E}.Debug|ARM.ActiveCfg = Debug|ARM
		{AB7D99A9-4F52-4723-81EA-2319D706EF3E}.Debug|ARM.Build.0 = Debug|ARM
		{AB7D99A9-4F52-4723-81EA-2319D706EF3E}.Debug|ARM.Deploy.0 = Debug|ARM
		{AB7D99A9-4F52-4723-81EA-2319D706EF3E}.Debug|iPhone.ActiveCfg = Debug|x86
		{AB7D99A9-4F52-4723-81EA-2319D706EF3E}.Debug|iPhoneSimulator.ActiveCfg = Debug|x86
		{AB7D99A9-4F52-4723-81EA-2319D706EF3E}.Debug|x64.ActiveCfg = Debug|x64
		{AB7D99A9-4F52-4723-81EA-2319D706EF3E}.Debug|x64.Build.0 = Debug|x64
		{AB7D99A9-4F52-4723-81EA-2319D706EF3E}.Debug|x64.Deploy.0 = Debug|x64
		{AB7D99A9-4F52-4723-81EA-2319D706EF3E}.Debug|x86.ActiveCfg = Debug|x86
		{AB7D99A9-4F52-4723-81EA-2319D706EF3E}.Debug|x86.Build.0 = Debug|x86
		{AB7D99A9-4F52-4723-81EA-2319D706EF3E}.Debug|x86.Deploy.0 = Debug|x86
		{AB7D99A9-4F52-4723-81EA-2319D706EF3E}.Release|Any CPU.ActiveCfg = Release|x86
		{AB7D99A9-4F52-4723-81EA-2319D706EF3E}.Release|ARM.ActiveCfg = Release|ARM
		{AB7D99A9-4F52-4723-81EA-2319D706EF3E}.Release|ARM.Build.0 = Release|ARM
		{AB7D99A9-4F52-4723-81EA-2319D706EF3E}.Release|ARM.Deploy.0 = Release|ARM
		{AB7D99A9-4F52-4723-81EA-2319D706EF3E}.Release|iPhone.ActiveCfg = Release|x86
		{AB7D99A9-4F52-4723-81EA-2319D706EF3E}.Release|iPhoneSimulator.ActiveCfg = Release|x86
		{AB7D99A9-4F52-4723-81EA-2319D706EF3E}.Release|x64.ActiveCfg = Release|x64
		{AB7D99A9-4F52-4723-81EA-2319D706EF3E}.Release|x64.Build.0 = Release|x64
		{AB7D99A9-4F52-4723-81EA-2319D706EF3E}.Release|x64.Deploy.0 = Release|x64
		{AB7D99A9-4F52-4723-81EA-2319D706EF3E}.Release|x86.ActiveCfg = Release|x86
		{AB7D99A9-4F52-4723-81EA-2319D706EF3E}.Release|x86.Build.0 = Release|x86
		{AB7D99A9-4F52-4723-81EA-2319D706EF3E}.Release|x86.Deploy.0 = Release|x86
		{9C1FBF20-E1F0-472B-9C84-4EF22B18EB18}.Debug|Any CPU.ActiveCfg = Debug|Any CPU
		{9C1FBF20-E1F0-472B-9C84-4EF22B18EB18}.Debug|Any CPU.Build.0 = Debug|Any CPU
		{9C1FBF20-E1F0-472B-9C84-4EF22B18EB18}.Debug|ARM.ActiveCfg = Debug|Any CPU
		{9C1FBF20-E1F0-472B-9C84-4EF22B18EB18}.Debug|ARM.Build.0 = Debug|Any CPU
		{9C1FBF20-E1F0-472B-9C84-4EF22B18EB18}.Debug|iPhone.ActiveCfg = Debug|Any CPU
		{9C1FBF20-E1F0-472B-9C84-4EF22B18EB18}.Debug|iPhone.Build.0 = Debug|Any CPU
		{9C1FBF20-E1F0-472B-9C84-4EF22B18EB18}.Debug|iPhoneSimulator.ActiveCfg = Debug|Any CPU
		{9C1FBF20-E1F0-472B-9C84-4EF22B18EB18}.Debug|iPhoneSimulator.Build.0 = Debug|Any CPU
		{9C1FBF20-E1F0-472B-9C84-4EF22B18EB18}.Debug|x64.ActiveCfg = Debug|Any CPU
		{9C1FBF20-E1F0-472B-9C84-4EF22B18EB18}.Debug|x64.Build.0 = Debug|Any CPU
		{9C1FBF20-E1F0-472B-9C84-4EF22B18EB18}.Debug|x86.ActiveCfg = Debug|Any CPU
		{9C1FBF20-E1F0-472B-9C84-4EF22B18EB18}.Debug|x86.Build.0 = Debug|Any CPU
		{9C1FBF20-E1F0-472B-9C84-4EF22B18EB18}.Release|Any CPU.ActiveCfg = Release|Any CPU
		{9C1FBF20-E1F0-472B-9C84-4EF22B18EB18}.Release|Any CPU.Build.0 = Release|Any CPU
		{9C1FBF20-E1F0-472B-9C84-4EF22B18EB18}.Release|ARM.ActiveCfg = Release|Any CPU
		{9C1FBF20-E1F0-472B-9C84-4EF22B18EB18}.Release|ARM.Build.0 = Release|Any CPU
		{9C1FBF20-E1F0-472B-9C84-4EF22B18EB18}.Release|iPhone.ActiveCfg = Release|Any CPU
		{9C1FBF20-E1F0-472B-9C84-4EF22B18EB18}.Release|iPhone.Build.0 = Release|Any CPU
		{9C1FBF20-E1F0-472B-9C84-4EF22B18EB18}.Release|iPhoneSimulator.ActiveCfg = Release|Any CPU
		{9C1FBF20-E1F0-472B-9C84-4EF22B18EB18}.Release|iPhoneSimulator.Build.0 = Release|Any CPU
		{9C1FBF20-E1F0-472B-9C84-4EF22B18EB18}.Release|x64.ActiveCfg = Release|Any CPU
		{9C1FBF20-E1F0-472B-9C84-4EF22B18EB18}.Release|x64.Build.0 = Release|Any CPU
		{9C1FBF20-E1F0-472B-9C84-4EF22B18EB18}.Release|x86.ActiveCfg = Release|Any CPU
		{9C1FBF20-E1F0-472B-9C84-4EF22B18EB18}.Release|x86.Build.0 = Release|Any CPU
		{58CF19AB-D289-4A74-B1D4-1EEEDCD8AEEA}.Debug|Any CPU.ActiveCfg = Debug|Any CPU
		{58CF19AB-D289-4A74-B1D4-1EEEDCD8AEEA}.Debug|Any CPU.Build.0 = Debug|Any CPU
		{58CF19AB-D289-4A74-B1D4-1EEEDCD8AEEA}.Debug|ARM.ActiveCfg = Debug|Any CPU
		{58CF19AB-D289-4A74-B1D4-1EEEDCD8AEEA}.Debug|ARM.Build.0 = Debug|Any CPU
		{58CF19AB-D289-4A74-B1D4-1EEEDCD8AEEA}.Debug|iPhone.ActiveCfg = Debug|Any CPU
		{58CF19AB-D289-4A74-B1D4-1EEEDCD8AEEA}.Debug|iPhone.Build.0 = Debug|Any CPU
		{58CF19AB-D289-4A74-B1D4-1EEEDCD8AEEA}.Debug|iPhoneSimulator.ActiveCfg = Debug|Any CPU
		{58CF19AB-D289-4A74-B1D4-1EEEDCD8AEEA}.Debug|iPhoneSimulator.Build.0 = Debug|Any CPU
		{58CF19AB-D289-4A74-B1D4-1EEEDCD8AEEA}.Debug|x64.ActiveCfg = Debug|Any CPU
		{58CF19AB-D289-4A74-B1D4-1EEEDCD8AEEA}.Debug|x64.Build.0 = Debug|Any CPU
		{58CF19AB-D289-4A74-B1D4-1EEEDCD8AEEA}.Debug|x86.ActiveCfg = Debug|Any CPU
		{58CF19AB-D289-4A74-B1D4-1EEEDCD8AEEA}.Debug|x86.Build.0 = Debug|Any CPU
		{58CF19AB-D289-4A74-B1D4-1EEEDCD8AEEA}.Release|Any CPU.ActiveCfg = Release|Any CPU
		{58CF19AB-D289-4A74-B1D4-1EEEDCD8AEEA}.Release|Any CPU.Build.0 = Release|Any CPU
		{58CF19AB-D289-4A74-B1D4-1EEEDCD8AEEA}.Release|ARM.ActiveCfg = Release|Any CPU
		{58CF19AB-D289-4A74-B1D4-1EEEDCD8AEEA}.Release|ARM.Build.0 = Release|Any CPU
		{58CF19AB-D289-4A74-B1D4-1EEEDCD8AEEA}.Release|iPhone.ActiveCfg = Release|Any CPU
		{58CF19AB-D289-4A74-B1D4-1EEEDCD8AEEA}.Release|iPhone.Build.0 = Release|Any CPU
		{58CF19AB-D289-4A74-B1D4-1EEEDCD8AEEA}.Release|iPhoneSimulator.ActiveCfg = Release|Any CPU
		{58CF19AB-D289-4A74-B1D4-1EEEDCD8AEEA}.Release|iPhoneSimulator.Build.0 = Release|Any CPU
		{58CF19AB-D289-4A74-B1D4-1EEEDCD8AEEA}.Release|x64.ActiveCfg = Release|Any CPU
		{58CF19AB-D289-4A74-B1D4-1EEEDCD8AEEA}.Release|x64.Build.0 = Release|Any CPU
		{58CF19AB-D289-4A74-B1D4-1EEEDCD8AEEA}.Release|x86.ActiveCfg = Release|Any CPU
		{58CF19AB-D289-4A74-B1D4-1EEEDCD8AEEA}.Release|x86.Build.0 = Release|Any CPU
		{8D8195E8-8460-47D8-BE20-7AFFCBB7E905}.Debug|Any CPU.ActiveCfg = Debug|Any CPU
		{8D8195E8-8460-47D8-BE20-7AFFCBB7E905}.Debug|Any CPU.Build.0 = Debug|Any CPU
		{8D8195E8-8460-47D8-BE20-7AFFCBB7E905}.Debug|ARM.ActiveCfg = Debug|Any CPU
		{8D8195E8-8460-47D8-BE20-7AFFCBB7E905}.Debug|ARM.Build.0 = Debug|Any CPU
		{8D8195E8-8460-47D8-BE20-7AFFCBB7E905}.Debug|iPhone.ActiveCfg = Debug|Any CPU
		{8D8195E8-8460-47D8-BE20-7AFFCBB7E905}.Debug|iPhone.Build.0 = Debug|Any CPU
		{8D8195E8-8460-47D8-BE20-7AFFCBB7E905}.Debug|iPhoneSimulator.ActiveCfg = Debug|Any CPU
		{8D8195E8-8460-47D8-BE20-7AFFCBB7E905}.Debug|iPhoneSimulator.Build.0 = Debug|Any CPU
		{8D8195E8-8460-47D8-BE20-7AFFCBB7E905}.Debug|x64.ActiveCfg = Debug|Any CPU
		{8D8195E8-8460-47D8-BE20-7AFFCBB7E905}.Debug|x64.Build.0 = Debug|Any CPU
		{8D8195E8-8460-47D8-BE20-7AFFCBB7E905}.Debug|x86.ActiveCfg = Debug|Any CPU
		{8D8195E8-8460-47D8-BE20-7AFFCBB7E905}.Debug|x86.Build.0 = Debug|Any CPU
		{8D8195E8-8460-47D8-BE20-7AFFCBB7E905}.Release|Any CPU.ActiveCfg = Release|Any CPU
		{8D8195E8-8460-47D8-BE20-7AFFCBB7E905}.Release|Any CPU.Build.0 = Release|Any CPU
		{8D8195E8-8460-47D8-BE20-7AFFCBB7E905}.Release|ARM.ActiveCfg = Release|Any CPU
		{8D8195E8-8460-47D8-BE20-7AFFCBB7E905}.Release|ARM.Build.0 = Release|Any CPU
		{8D8195E8-8460-47D8-BE20-7AFFCBB7E905}.Release|iPhone.ActiveCfg = Release|Any CPU
		{8D8195E8-8460-47D8-BE20-7AFFCBB7E905}.Release|iPhone.Build.0 = Release|Any CPU
		{8D8195E8-8460-47D8-BE20-7AFFCBB7E905}.Release|iPhoneSimulator.ActiveCfg = Release|Any CPU
		{8D8195E8-8460-47D8-BE20-7AFFCBB7E905}.Release|iPhoneSimulator.Build.0 = Release|Any CPU
		{8D8195E8-8460-47D8-BE20-7AFFCBB7E905}.Release|x64.ActiveCfg = Release|Any CPU
		{8D8195E8-8460-47D8-BE20-7AFFCBB7E905}.Release|x64.Build.0 = Release|Any CPU
		{8D8195E8-8460-47D8-BE20-7AFFCBB7E905}.Release|x86.ActiveCfg = Release|Any CPU
		{8D8195E8-8460-47D8-BE20-7AFFCBB7E905}.Release|x86.Build.0 = Release|Any CPU
		{BE18E671-04AA-49D2-AA10-BD310B95FBBC}.Debug|Any CPU.ActiveCfg = Debug|Any CPU
		{BE18E671-04AA-49D2-AA10-BD310B95FBBC}.Debug|Any CPU.Build.0 = Debug|Any CPU
		{BE18E671-04AA-49D2-AA10-BD310B95FBBC}.Debug|ARM.ActiveCfg = Debug|Any CPU
		{BE18E671-04AA-49D2-AA10-BD310B95FBBC}.Debug|ARM.Build.0 = Debug|Any CPU
		{BE18E671-04AA-49D2-AA10-BD310B95FBBC}.Debug|iPhone.ActiveCfg = Debug|Any CPU
		{BE18E671-04AA-49D2-AA10-BD310B95FBBC}.Debug|iPhone.Build.0 = Debug|Any CPU
		{BE18E671-04AA-49D2-AA10-BD310B95FBBC}.Debug|iPhoneSimulator.ActiveCfg = Debug|Any CPU
		{BE18E671-04AA-49D2-AA10-BD310B95FBBC}.Debug|iPhoneSimulator.Build.0 = Debug|Any CPU
		{BE18E671-04AA-49D2-AA10-BD310B95FBBC}.Debug|x64.ActiveCfg = Debug|Any CPU
		{BE18E671-04AA-49D2-AA10-BD310B95FBBC}.Debug|x64.Build.0 = Debug|Any CPU
		{BE18E671-04AA-49D2-AA10-BD310B95FBBC}.Debug|x86.ActiveCfg = Debug|Any CPU
		{BE18E671-04AA-49D2-AA10-BD310B95FBBC}.Debug|x86.Build.0 = Debug|Any CPU
		{BE18E671-04AA-49D2-AA10-BD310B95FBBC}.Release|Any CPU.ActiveCfg = Release|Any CPU
		{BE18E671-04AA-49D2-AA10-BD310B95FBBC}.Release|Any CPU.Build.0 = Release|Any CPU
		{BE18E671-04AA-49D2-AA10-BD310B95FBBC}.Release|ARM.ActiveCfg = Release|Any CPU
		{BE18E671-04AA-49D2-AA10-BD310B95FBBC}.Release|ARM.Build.0 = Release|Any CPU
		{BE18E671-04AA-49D2-AA10-BD310B95FBBC}.Release|iPhone.ActiveCfg = Release|Any CPU
		{BE18E671-04AA-49D2-AA10-BD310B95FBBC}.Release|iPhone.Build.0 = Release|Any CPU
		{BE18E671-04AA-49D2-AA10-BD310B95FBBC}.Release|iPhoneSimulator.ActiveCfg = Release|Any CPU
		{BE18E671-04AA-49D2-AA10-BD310B95FBBC}.Release|iPhoneSimulator.Build.0 = Release|Any CPU
		{BE18E671-04AA-49D2-AA10-BD310B95FBBC}.Release|x64.ActiveCfg = Release|Any CPU
		{BE18E671-04AA-49D2-AA10-BD310B95FBBC}.Release|x64.Build.0 = Release|Any CPU
		{BE18E671-04AA-49D2-AA10-BD310B95FBBC}.Release|x86.ActiveCfg = Release|Any CPU
		{BE18E671-04AA-49D2-AA10-BD310B95FBBC}.Release|x86.Build.0 = Release|Any CPU
		{BA08BCAF-7491-43AB-9568-99682F1E3991}.Debug|Any CPU.ActiveCfg = Debug|Any CPU
		{BA08BCAF-7491-43AB-9568-99682F1E3991}.Debug|Any CPU.Build.0 = Debug|Any CPU
		{BA08BCAF-7491-43AB-9568-99682F1E3991}.Debug|ARM.ActiveCfg = Debug|Any CPU
		{BA08BCAF-7491-43AB-9568-99682F1E3991}.Debug|ARM.Build.0 = Debug|Any CPU
		{BA08BCAF-7491-43AB-9568-99682F1E3991}.Debug|iPhone.ActiveCfg = Debug|Any CPU
		{BA08BCAF-7491-43AB-9568-99682F1E3991}.Debug|iPhone.Build.0 = Debug|Any CPU
		{BA08BCAF-7491-43AB-9568-99682F1E3991}.Debug|iPhoneSimulator.ActiveCfg = Debug|Any CPU
		{BA08BCAF-7491-43AB-9568-99682F1E3991}.Debug|iPhoneSimulator.Build.0 = Debug|Any CPU
		{BA08BCAF-7491-43AB-9568-99682F1E3991}.Debug|x64.ActiveCfg = Debug|Any CPU
		{BA08BCAF-7491-43AB-9568-99682F1E3991}.Debug|x64.Build.0 = Debug|Any CPU
		{BA08BCAF-7491-43AB-9568-99682F1E3991}.Debug|x86.ActiveCfg = Debug|Any CPU
		{BA08BCAF-7491-43AB-9568-99682F1E3991}.Debug|x86.Build.0 = Debug|Any CPU
		{BA08BCAF-7491-43AB-9568-99682F1E3991}.Release|Any CPU.ActiveCfg = Release|Any CPU
		{BA08BCAF-7491-43AB-9568-99682F1E3991}.Release|Any CPU.Build.0 = Release|Any CPU
		{BA08BCAF-7491-43AB-9568-99682F1E3991}.Release|ARM.ActiveCfg = Release|Any CPU
		{BA08BCAF-7491-43AB-9568-99682F1E3991}.Release|ARM.Build.0 = Release|Any CPU
		{BA08BCAF-7491-43AB-9568-99682F1E3991}.Release|iPhone.ActiveCfg = Release|Any CPU
		{BA08BCAF-7491-43AB-9568-99682F1E3991}.Release|iPhone.Build.0 = Release|Any CPU
		{BA08BCAF-7491-43AB-9568-99682F1E3991}.Release|iPhoneSimulator.ActiveCfg = Release|Any CPU
		{BA08BCAF-7491-43AB-9568-99682F1E3991}.Release|iPhoneSimulator.Build.0 = Release|Any CPU
		{BA08BCAF-7491-43AB-9568-99682F1E3991}.Release|x64.ActiveCfg = Release|Any CPU
		{BA08BCAF-7491-43AB-9568-99682F1E3991}.Release|x64.Build.0 = Release|Any CPU
		{BA08BCAF-7491-43AB-9568-99682F1E3991}.Release|x86.ActiveCfg = Release|Any CPU
		{BA08BCAF-7491-43AB-9568-99682F1E3991}.Release|x86.Build.0 = Release|Any CPU
	EndGlobalSection
	GlobalSection(SolutionProperties) = preSolution
		HideSolutionNode = FALSE
	EndGlobalSection
	GlobalSection(ExtensibilityGlobals) = postSolution
		SolutionGuid = {BA6052BE-2FBC-4866-80DE-0D30ED45FFF5}
	EndGlobalSection
EndGlobal
