
Microsoft Visual Studio Solution File, Format Version 12.00
# Visual Studio 15
VisualStudioVersion = 15.0.27703.2035
MinimumVisualStudioVersion = 10.0.40219.1
Project("{FAE04EC0-301F-11D3-BF4B-00C04F79EFBC}") = "DartballApp.Android", "DartballApp\DartballApp.Android\DartballApp.Android.csproj", "{9444E6F7-924D-4327-A7BA-521F796AF941}"
EndProject
Project("{FAE04EC0-301F-11D3-BF4B-00C04F79EFBC}") = "DartballApp.iOS", "DartballApp\DartballApp.iOS\DartballApp.iOS.csproj", "{8986DDB8-6AB6-463E-BF46-33E661000CAC}"
EndProject
Project("{FAE04EC0-301F-11D3-BF4B-00C04F79EFBC}") = "DartballApp.MobileAppService", "DartballApp\DartballApp.MobileAppService\DartballApp.MobileAppService.csproj", "{B0A26638-07BF-47F1-8552-EEC77256AB1F}"
EndProject
Project("{D954291E-2A0B-460D-934E-DC6B0785DB48}") = "DartballApp", "DartballApp\DartballApp\DartballApp.shproj", "{8F5FAC0C-61F8-4015-98E0-C73F44509A03}"
EndProject
Project("{9A19103F-16F7-4668-BE54-9A1E7A4F7556}") = "DartballBL", "..\..\Components\DartballBL\DartballBL\DartballBL.csproj", "{E468427F-610F-4341-B544-1448A9A77578}"
EndProject
Project("{9A19103F-16F7-4668-BE54-9A1E7A4F7556}") = "Dartball.Domain", "..\..\Components\Dartball.Domain\Dartball.Domain\Dartball.Domain.csproj", "{EB5DDDA2-7469-4D01-A04D-7320D6E6A8A4}"
EndProject
Project("{9A19103F-16F7-4668-BE54-9A1E7A4F7556}") = "Dartball.Data", "..\..\Components\Dartball.Data\Dartball.Data\Dartball.Data.csproj", "{85708371-CC75-4AE7-B811-D72B0A44310F}"
EndProject
Global
	GlobalSection(SharedMSBuildProjectFiles) = preSolution
		DartballApp\DartballApp\DartballApp.projitems*{8986ddb8-6ab6-463e-bf46-33e661000cac}*SharedItemsImports = 4
		DartballApp\DartballApp\DartballApp.projitems*{8f5fac0c-61f8-4015-98e0-c73f44509a03}*SharedItemsImports = 13
		DartballApp\DartballApp\DartballApp.projitems*{9444e6f7-924d-4327-a7ba-521f796af941}*SharedItemsImports = 4
	EndGlobalSection
	GlobalSection(SolutionConfigurationPlatforms) = preSolution
		Debug|Any CPU = Debug|Any CPU
		Debug|iPhone = Debug|iPhone
		Debug|iPhoneSimulator = Debug|iPhoneSimulator
		Release|Any CPU = Release|Any CPU
		Release|iPhone = Release|iPhone
		Release|iPhoneSimulator = Release|iPhoneSimulator
	EndGlobalSection
	GlobalSection(ProjectConfigurationPlatforms) = postSolution
		{9444E6F7-924D-4327-A7BA-521F796AF941}.Debug|Any CPU.ActiveCfg = Debug|Any CPU
		{9444E6F7-924D-4327-A7BA-521F796AF941}.Debug|Any CPU.Build.0 = Debug|Any CPU
		{9444E6F7-924D-4327-A7BA-521F796AF941}.Debug|Any CPU.Deploy.0 = Debug|Any CPU
		{9444E6F7-924D-4327-A7BA-521F796AF941}.Debug|iPhone.ActiveCfg = Debug|Any CPU
		{9444E6F7-924D-4327-A7BA-521F796AF941}.Debug|iPhone.Build.0 = Debug|Any CPU
		{9444E6F7-924D-4327-A7BA-521F796AF941}.Debug|iPhone.Deploy.0 = Debug|Any CPU
		{9444E6F7-924D-4327-A7BA-521F796AF941}.Debug|iPhoneSimulator.ActiveCfg = Debug|Any CPU
		{9444E6F7-924D-4327-A7BA-521F796AF941}.Debug|iPhoneSimulator.Build.0 = Debug|Any CPU
		{9444E6F7-924D-4327-A7BA-521F796AF941}.Debug|iPhoneSimulator.Deploy.0 = Debug|Any CPU
		{9444E6F7-924D-4327-A7BA-521F796AF941}.Release|Any CPU.ActiveCfg = Release|Any CPU
		{9444E6F7-924D-4327-A7BA-521F796AF941}.Release|Any CPU.Build.0 = Release|Any CPU
		{9444E6F7-924D-4327-A7BA-521F796AF941}.Release|Any CPU.Deploy.0 = Release|Any CPU
		{9444E6F7-924D-4327-A7BA-521F796AF941}.Release|iPhone.ActiveCfg = Release|Any CPU
		{9444E6F7-924D-4327-A7BA-521F796AF941}.Release|iPhone.Build.0 = Release|Any CPU
		{9444E6F7-924D-4327-A7BA-521F796AF941}.Release|iPhone.Deploy.0 = Release|Any CPU
		{9444E6F7-924D-4327-A7BA-521F796AF941}.Release|iPhoneSimulator.ActiveCfg = Release|Any CPU
		{9444E6F7-924D-4327-A7BA-521F796AF941}.Release|iPhoneSimulator.Build.0 = Release|Any CPU
		{9444E6F7-924D-4327-A7BA-521F796AF941}.Release|iPhoneSimulator.Deploy.0 = Release|Any CPU
		{8986DDB8-6AB6-463E-BF46-33E661000CAC}.Debug|Any CPU.ActiveCfg = Debug|iPhone
		{8986DDB8-6AB6-463E-BF46-33E661000CAC}.Debug|iPhone.ActiveCfg = Debug|iPhone
		{8986DDB8-6AB6-463E-BF46-33E661000CAC}.Debug|iPhone.Build.0 = Debug|iPhone
		{8986DDB8-6AB6-463E-BF46-33E661000CAC}.Debug|iPhoneSimulator.ActiveCfg = Debug|iPhoneSimulator
		{8986DDB8-6AB6-463E-BF46-33E661000CAC}.Debug|iPhoneSimulator.Build.0 = Debug|iPhoneSimulator
		{8986DDB8-6AB6-463E-BF46-33E661000CAC}.Release|Any CPU.ActiveCfg = Release|iPhone
		{8986DDB8-6AB6-463E-BF46-33E661000CAC}.Release|iPhone.ActiveCfg = Release|iPhone
		{8986DDB8-6AB6-463E-BF46-33E661000CAC}.Release|iPhone.Build.0 = Release|iPhone
		{8986DDB8-6AB6-463E-BF46-33E661000CAC}.Release|iPhoneSimulator.ActiveCfg = Release|iPhoneSimulator
		{8986DDB8-6AB6-463E-BF46-33E661000CAC}.Release|iPhoneSimulator.Build.0 = Release|iPhoneSimulator
		{B0A26638-07BF-47F1-8552-EEC77256AB1F}.Debug|Any CPU.ActiveCfg = Debug|Any CPU
		{B0A26638-07BF-47F1-8552-EEC77256AB1F}.Debug|Any CPU.Build.0 = Debug|Any CPU
		{B0A26638-07BF-47F1-8552-EEC77256AB1F}.Debug|iPhone.ActiveCfg = Debug|Any CPU
		{B0A26638-07BF-47F1-8552-EEC77256AB1F}.Debug|iPhone.Build.0 = Debug|Any CPU
		{B0A26638-07BF-47F1-8552-EEC77256AB1F}.Debug|iPhoneSimulator.ActiveCfg = Debug|Any CPU
		{B0A26638-07BF-47F1-8552-EEC77256AB1F}.Debug|iPhoneSimulator.Build.0 = Debug|Any CPU
		{B0A26638-07BF-47F1-8552-EEC77256AB1F}.Release|Any CPU.ActiveCfg = Release|Any CPU
		{B0A26638-07BF-47F1-8552-EEC77256AB1F}.Release|Any CPU.Build.0 = Release|Any CPU
		{B0A26638-07BF-47F1-8552-EEC77256AB1F}.Release|iPhone.ActiveCfg = Release|Any CPU
		{B0A26638-07BF-47F1-8552-EEC77256AB1F}.Release|iPhone.Build.0 = Release|Any CPU
		{B0A26638-07BF-47F1-8552-EEC77256AB1F}.Release|iPhoneSimulator.ActiveCfg = Release|Any CPU
		{B0A26638-07BF-47F1-8552-EEC77256AB1F}.Release|iPhoneSimulator.Build.0 = Release|Any CPU
		{E468427F-610F-4341-B544-1448A9A77578}.Debug|Any CPU.ActiveCfg = Debug|Any CPU
		{E468427F-610F-4341-B544-1448A9A77578}.Debug|Any CPU.Build.0 = Debug|Any CPU
		{E468427F-610F-4341-B544-1448A9A77578}.Debug|iPhone.ActiveCfg = Debug|Any CPU
		{E468427F-610F-4341-B544-1448A9A77578}.Debug|iPhone.Build.0 = Debug|Any CPU
		{E468427F-610F-4341-B544-1448A9A77578}.Debug|iPhoneSimulator.ActiveCfg = Debug|Any CPU
		{E468427F-610F-4341-B544-1448A9A77578}.Debug|iPhoneSimulator.Build.0 = Debug|Any CPU
		{E468427F-610F-4341-B544-1448A9A77578}.Release|Any CPU.ActiveCfg = Release|Any CPU
		{E468427F-610F-4341-B544-1448A9A77578}.Release|Any CPU.Build.0 = Release|Any CPU
		{E468427F-610F-4341-B544-1448A9A77578}.Release|iPhone.ActiveCfg = Release|Any CPU
		{E468427F-610F-4341-B544-1448A9A77578}.Release|iPhone.Build.0 = Release|Any CPU
		{E468427F-610F-4341-B544-1448A9A77578}.Release|iPhoneSimulator.ActiveCfg = Release|Any CPU
		{E468427F-610F-4341-B544-1448A9A77578}.Release|iPhoneSimulator.Build.0 = Release|Any CPU
		{EB5DDDA2-7469-4D01-A04D-7320D6E6A8A4}.Debug|Any CPU.ActiveCfg = Debug|Any CPU
		{EB5DDDA2-7469-4D01-A04D-7320D6E6A8A4}.Debug|Any CPU.Build.0 = Debug|Any CPU
		{EB5DDDA2-7469-4D01-A04D-7320D6E6A8A4}.Debug|iPhone.ActiveCfg = Debug|Any CPU
		{EB5DDDA2-7469-4D01-A04D-7320D6E6A8A4}.Debug|iPhone.Build.0 = Debug|Any CPU
		{EB5DDDA2-7469-4D01-A04D-7320D6E6A8A4}.Debug|iPhoneSimulator.ActiveCfg = Debug|Any CPU
		{EB5DDDA2-7469-4D01-A04D-7320D6E6A8A4}.Debug|iPhoneSimulator.Build.0 = Debug|Any CPU
		{EB5DDDA2-7469-4D01-A04D-7320D6E6A8A4}.Release|Any CPU.ActiveCfg = Release|Any CPU
		{EB5DDDA2-7469-4D01-A04D-7320D6E6A8A4}.Release|Any CPU.Build.0 = Release|Any CPU
		{EB5DDDA2-7469-4D01-A04D-7320D6E6A8A4}.Release|iPhone.ActiveCfg = Release|Any CPU
		{EB5DDDA2-7469-4D01-A04D-7320D6E6A8A4}.Release|iPhone.Build.0 = Release|Any CPU
		{EB5DDDA2-7469-4D01-A04D-7320D6E6A8A4}.Release|iPhoneSimulator.ActiveCfg = Release|Any CPU
		{EB5DDDA2-7469-4D01-A04D-7320D6E6A8A4}.Release|iPhoneSimulator.Build.0 = Release|Any CPU
		{85708371-CC75-4AE7-B811-D72B0A44310F}.Debug|Any CPU.ActiveCfg = Debug|Any CPU
		{85708371-CC75-4AE7-B811-D72B0A44310F}.Debug|Any CPU.Build.0 = Debug|Any CPU
		{85708371-CC75-4AE7-B811-D72B0A44310F}.Debug|iPhone.ActiveCfg = Debug|Any CPU
		{85708371-CC75-4AE7-B811-D72B0A44310F}.Debug|iPhone.Build.0 = Debug|Any CPU
		{85708371-CC75-4AE7-B811-D72B0A44310F}.Debug|iPhoneSimulator.ActiveCfg = Debug|Any CPU
		{85708371-CC75-4AE7-B811-D72B0A44310F}.Debug|iPhoneSimulator.Build.0 = Debug|Any CPU
		{85708371-CC75-4AE7-B811-D72B0A44310F}.Release|Any CPU.ActiveCfg = Release|Any CPU
		{85708371-CC75-4AE7-B811-D72B0A44310F}.Release|Any CPU.Build.0 = Release|Any CPU
		{85708371-CC75-4AE7-B811-D72B0A44310F}.Release|iPhone.ActiveCfg = Release|Any CPU
		{85708371-CC75-4AE7-B811-D72B0A44310F}.Release|iPhone.Build.0 = Release|Any CPU
		{85708371-CC75-4AE7-B811-D72B0A44310F}.Release|iPhoneSimulator.ActiveCfg = Release|Any CPU
		{85708371-CC75-4AE7-B811-D72B0A44310F}.Release|iPhoneSimulator.Build.0 = Release|Any CPU
	EndGlobalSection
	GlobalSection(SolutionProperties) = preSolution
		HideSolutionNode = FALSE
	EndGlobalSection
	GlobalSection(ExtensibilityGlobals) = postSolution
		SolutionGuid = {071BF771-AC51-499B-9897-BEF2E1850A11}
	EndGlobalSection
EndGlobal
