
Microsoft Visual Studio Solution File, Format Version 12.00
# Visual Studio 15
VisualStudioVersion = 15.0.27703.2000
MinimumVisualStudioVersion = 10.0.40219.1
Project("{9A19103F-16F7-4668-BE54-9A1E7A4F7556}") = "DartballBLUnitTest", "DartballBLUnitTest\DartballBLUnitTest.csproj", "{017A2EA1-7DA7-4E6F-BFA8-72D2342178F0}"
EndProject
Project("{9A19103F-16F7-4668-BE54-9A1E7A4F7556}") = "DartballBL", "..\..\Components\DartballBL\DartballBL\DartballBL.csproj", "{0F98D131-77C3-4017-92C0-475AB0D16A5B}"
EndProject
Project("{9A19103F-16F7-4668-BE54-9A1E7A4F7556}") = "DartballDL", "..\..\Components\DartballDL\DartballDL\DartballDL.csproj", "{9A251AB9-BC8A-4906-96EF-D3D3B296C91C}"
EndProject
Global
	GlobalSection(SolutionConfigurationPlatforms) = preSolution
		Debug|Any CPU = Debug|Any CPU
		Release|Any CPU = Release|Any CPU
	EndGlobalSection
	GlobalSection(ProjectConfigurationPlatforms) = postSolution
		{017A2EA1-7DA7-4E6F-BFA8-72D2342178F0}.Debug|Any CPU.ActiveCfg = Debug|Any CPU
		{017A2EA1-7DA7-4E6F-BFA8-72D2342178F0}.Debug|Any CPU.Build.0 = Debug|Any CPU
		{017A2EA1-7DA7-4E6F-BFA8-72D2342178F0}.Release|Any CPU.ActiveCfg = Release|Any CPU
		{017A2EA1-7DA7-4E6F-BFA8-72D2342178F0}.Release|Any CPU.Build.0 = Release|Any CPU
		{0F98D131-77C3-4017-92C0-475AB0D16A5B}.Debug|Any CPU.ActiveCfg = Debug|Any CPU
		{0F98D131-77C3-4017-92C0-475AB0D16A5B}.Debug|Any CPU.Build.0 = Debug|Any CPU
		{0F98D131-77C3-4017-92C0-475AB0D16A5B}.Release|Any CPU.ActiveCfg = Release|Any CPU
		{0F98D131-77C3-4017-92C0-475AB0D16A5B}.Release|Any CPU.Build.0 = Release|Any CPU
		{9A251AB9-BC8A-4906-96EF-D3D3B296C91C}.Debug|Any CPU.ActiveCfg = Debug|Any CPU
		{9A251AB9-BC8A-4906-96EF-D3D3B296C91C}.Debug|Any CPU.Build.0 = Debug|Any CPU
		{9A251AB9-BC8A-4906-96EF-D3D3B296C91C}.Release|Any CPU.ActiveCfg = Release|Any CPU
		{9A251AB9-BC8A-4906-96EF-D3D3B296C91C}.Release|Any CPU.Build.0 = Release|Any CPU
	EndGlobalSection
	GlobalSection(SolutionProperties) = preSolution
		HideSolutionNode = FALSE
	EndGlobalSection
	GlobalSection(ExtensibilityGlobals) = postSolution
		SolutionGuid = {2895DDED-B4DF-4150-A8D7-8D11821B5BFD}
	EndGlobalSection
EndGlobal
