
Microsoft Visual Studio Solution File, Format Version 12.00
# Visual Studio 15
VisualStudioVersion = 15.0.27703.2000
MinimumVisualStudioVersion = 10.0.40219.1
Project("{9A19103F-16F7-4668-BE54-9A1E7A4F7556}") = "DartballBLUnitTests", "DartballBLUnitTests\DartballBLUnitTests.csproj", "{CD6C3FED-63B7-4392-B46C-DBF33C99457B}"
EndProject
Project("{9A19103F-16F7-4668-BE54-9A1E7A4F7556}") = "DartballDL", "..\..\Components\DartballDL\DartballDL\DartballDL.csproj", "{A9F2BCD9-CCD4-4EF9-A0A4-C3B88BFFAC5A}"
EndProject
Project("{9A19103F-16F7-4668-BE54-9A1E7A4F7556}") = "DartballBL", "..\..\Components\DartballBL\DartballBL\DartballBL.csproj", "{524C0D2E-E3A5-4A3E-81F5-0A75E1DC2749}"
EndProject
Global
	GlobalSection(SolutionConfigurationPlatforms) = preSolution
		Debug|Any CPU = Debug|Any CPU
		Release|Any CPU = Release|Any CPU
	EndGlobalSection
	GlobalSection(ProjectConfigurationPlatforms) = postSolution
		{CD6C3FED-63B7-4392-B46C-DBF33C99457B}.Debug|Any CPU.ActiveCfg = Debug|Any CPU
		{CD6C3FED-63B7-4392-B46C-DBF33C99457B}.Debug|Any CPU.Build.0 = Debug|Any CPU
		{CD6C3FED-63B7-4392-B46C-DBF33C99457B}.Release|Any CPU.ActiveCfg = Release|Any CPU
		{CD6C3FED-63B7-4392-B46C-DBF33C99457B}.Release|Any CPU.Build.0 = Release|Any CPU
		{A9F2BCD9-CCD4-4EF9-A0A4-C3B88BFFAC5A}.Debug|Any CPU.ActiveCfg = Debug|Any CPU
		{A9F2BCD9-CCD4-4EF9-A0A4-C3B88BFFAC5A}.Debug|Any CPU.Build.0 = Debug|Any CPU
		{A9F2BCD9-CCD4-4EF9-A0A4-C3B88BFFAC5A}.Release|Any CPU.ActiveCfg = Release|Any CPU
		{A9F2BCD9-CCD4-4EF9-A0A4-C3B88BFFAC5A}.Release|Any CPU.Build.0 = Release|Any CPU
		{524C0D2E-E3A5-4A3E-81F5-0A75E1DC2749}.Debug|Any CPU.ActiveCfg = Debug|Any CPU
		{524C0D2E-E3A5-4A3E-81F5-0A75E1DC2749}.Debug|Any CPU.Build.0 = Debug|Any CPU
		{524C0D2E-E3A5-4A3E-81F5-0A75E1DC2749}.Release|Any CPU.ActiveCfg = Release|Any CPU
		{524C0D2E-E3A5-4A3E-81F5-0A75E1DC2749}.Release|Any CPU.Build.0 = Release|Any CPU
	EndGlobalSection
	GlobalSection(SolutionProperties) = preSolution
		HideSolutionNode = FALSE
	EndGlobalSection
	GlobalSection(ExtensibilityGlobals) = postSolution
		SolutionGuid = {219F7D1A-6B8A-4E6E-B752-845B0C760F2B}
	EndGlobalSection
EndGlobal
