
Microsoft Visual Studio Solution File, Format Version 12.00
# Visual Studio 15
VisualStudioVersion = 15.0.27703.2026
MinimumVisualStudioVersion = 10.0.40219.1
Project("{FAE04EC0-301F-11D3-BF4B-00C04F79EFBC}") = "Dartball.Data", "Dartball.Data\Dartball.Data.csproj", "{67635AAA-B3E3-497B-871C-2215444CFA21}"
EndProject
Project("{9A19103F-16F7-4668-BE54-9A1E7A4F7556}") = "Dartball.Domain", "..\Dartball.Domain\Dartball.Domain\Dartball.Domain.csproj", "{0D70CBDD-12E9-4319-83AC-3D3FA2E9386C}"
EndProject
Global
	GlobalSection(SolutionConfigurationPlatforms) = preSolution
		Debug|Any CPU = Debug|Any CPU
		Release|Any CPU = Release|Any CPU
	EndGlobalSection
	GlobalSection(ProjectConfigurationPlatforms) = postSolution
		{67635AAA-B3E3-497B-871C-2215444CFA21}.Debug|Any CPU.ActiveCfg = Debug|Any CPU
		{67635AAA-B3E3-497B-871C-2215444CFA21}.Debug|Any CPU.Build.0 = Debug|Any CPU
		{67635AAA-B3E3-497B-871C-2215444CFA21}.Release|Any CPU.ActiveCfg = Release|Any CPU
		{67635AAA-B3E3-497B-871C-2215444CFA21}.Release|Any CPU.Build.0 = Release|Any CPU
		{0D70CBDD-12E9-4319-83AC-3D3FA2E9386C}.Debug|Any CPU.ActiveCfg = Debug|Any CPU
		{0D70CBDD-12E9-4319-83AC-3D3FA2E9386C}.Debug|Any CPU.Build.0 = Debug|Any CPU
		{0D70CBDD-12E9-4319-83AC-3D3FA2E9386C}.Release|Any CPU.ActiveCfg = Release|Any CPU
		{0D70CBDD-12E9-4319-83AC-3D3FA2E9386C}.Release|Any CPU.Build.0 = Release|Any CPU
	EndGlobalSection
	GlobalSection(SolutionProperties) = preSolution
		HideSolutionNode = FALSE
	EndGlobalSection
	GlobalSection(ExtensibilityGlobals) = postSolution
		SolutionGuid = {02570138-1EB1-4B7B-945B-459FC3CC6948}
	EndGlobalSection
EndGlobal
