
Microsoft Visual Studio Solution File, Format Version 12.00
# Visual Studio 15
VisualStudioVersion = 15.0.27703.2026
MinimumVisualStudioVersion = 10.0.40219.1
Project("{9A19103F-16F7-4668-BE54-9A1E7A4F7556}") = "MigrationsApp", "MigrationsApp\MigrationsApp.csproj", "{52D9C1A4-ABBF-4E19-999E-F52DF1CFC036}"
EndProject
Project("{9A19103F-16F7-4668-BE54-9A1E7A4F7556}") = "Dartball.Data", "..\Dartball.Data\Dartball.Data\Dartball.Data.csproj", "{F8EF4CE0-7E34-44DA-915D-82E9DC1E538D}"
EndProject
Project("{9A19103F-16F7-4668-BE54-9A1E7A4F7556}") = "Dartball.Domain", "..\Dartball.Domain\Dartball.Domain\Dartball.Domain.csproj", "{2781B631-9D68-4C82-8015-DDFF7FBC16F2}"
EndProject
Global
	GlobalSection(SolutionConfigurationPlatforms) = preSolution
		Debug|Any CPU = Debug|Any CPU
		Release|Any CPU = Release|Any CPU
	EndGlobalSection
	GlobalSection(ProjectConfigurationPlatforms) = postSolution
		{52D9C1A4-ABBF-4E19-999E-F52DF1CFC036}.Debug|Any CPU.ActiveCfg = Debug|Any CPU
		{52D9C1A4-ABBF-4E19-999E-F52DF1CFC036}.Debug|Any CPU.Build.0 = Debug|Any CPU
		{52D9C1A4-ABBF-4E19-999E-F52DF1CFC036}.Release|Any CPU.ActiveCfg = Release|Any CPU
		{52D9C1A4-ABBF-4E19-999E-F52DF1CFC036}.Release|Any CPU.Build.0 = Release|Any CPU
		{F8EF4CE0-7E34-44DA-915D-82E9DC1E538D}.Debug|Any CPU.ActiveCfg = Debug|Any CPU
		{F8EF4CE0-7E34-44DA-915D-82E9DC1E538D}.Debug|Any CPU.Build.0 = Debug|Any CPU
		{F8EF4CE0-7E34-44DA-915D-82E9DC1E538D}.Release|Any CPU.ActiveCfg = Release|Any CPU
		{F8EF4CE0-7E34-44DA-915D-82E9DC1E538D}.Release|Any CPU.Build.0 = Release|Any CPU
		{2781B631-9D68-4C82-8015-DDFF7FBC16F2}.Debug|Any CPU.ActiveCfg = Debug|Any CPU
		{2781B631-9D68-4C82-8015-DDFF7FBC16F2}.Debug|Any CPU.Build.0 = Debug|Any CPU
		{2781B631-9D68-4C82-8015-DDFF7FBC16F2}.Release|Any CPU.ActiveCfg = Release|Any CPU
		{2781B631-9D68-4C82-8015-DDFF7FBC16F2}.Release|Any CPU.Build.0 = Release|Any CPU
	EndGlobalSection
	GlobalSection(SolutionProperties) = preSolution
		HideSolutionNode = FALSE
	EndGlobalSection
	GlobalSection(ExtensibilityGlobals) = postSolution
		SolutionGuid = {B24165CA-D247-4717-AADA-1060B9CCD0F9}
	EndGlobalSection
EndGlobal
